
Microsoft Visual Studio Solution File, Format Version 12.00
# Visual Studio Version 16
VisualStudioVersion = 16.0.30406.217
MinimumVisualStudioVersion = 10.0.40219.1
Project("{FAE04EC0-301F-11D3-BF4B-00C04F79EFBC}") = "OOPBruchrechner", "OOPBruchrechner.csproj", "{3DF9C287-4D19-4AE3-BA37-C50FBB18A643}"
EndProject
Project("{FAE04EC0-301F-11D3-BF4B-00C04F79EFBC}") = "OOPBruchrechner.Test", "..\OOPBruchrechner.Test\OOPBruchrechner.Test.csproj", "{4061A9C3-9C2A-464A-B310-0D6B00316901}"
EndProject
Global
	GlobalSection(SolutionConfigurationPlatforms) = preSolution
		Debug|Any CPU = Debug|Any CPU
		Release|Any CPU = Release|Any CPU
	EndGlobalSection
	GlobalSection(ProjectConfigurationPlatforms) = postSolution
		{3DF9C287-4D19-4AE3-BA37-C50FBB18A643}.Debug|Any CPU.ActiveCfg = Debug|Any CPU
		{3DF9C287-4D19-4AE3-BA37-C50FBB18A643}.Debug|Any CPU.Build.0 = Debug|Any CPU
		{3DF9C287-4D19-4AE3-BA37-C50FBB18A643}.Release|Any CPU.ActiveCfg = Release|Any CPU
		{3DF9C287-4D19-4AE3-BA37-C50FBB18A643}.Release|Any CPU.Build.0 = Release|Any CPU
		{4061A9C3-9C2A-464A-B310-0D6B00316901}.Debug|Any CPU.ActiveCfg = Debug|Any CPU
		{4061A9C3-9C2A-464A-B310-0D6B00316901}.Debug|Any CPU.Build.0 = Debug|Any CPU
		{4061A9C3-9C2A-464A-B310-0D6B00316901}.Release|Any CPU.ActiveCfg = Release|Any CPU
		{4061A9C3-9C2A-464A-B310-0D6B00316901}.Release|Any CPU.Build.0 = Release|Any CPU
	EndGlobalSection
	GlobalSection(SolutionProperties) = preSolution
		HideSolutionNode = FALSE
	EndGlobalSection
	GlobalSection(ExtensibilityGlobals) = postSolution
		SolutionGuid = {17215FF0-2D70-403D-844E-B579EABFCCA8}
	EndGlobalSection
EndGlobal
